
Microsoft Visual Studio Solution File, Format Version 12.00
# Visual Studio 15
VisualStudioVersion = 15.0.28010.2046
MinimumVisualStudioVersion = 10.0.40219.1
Project("{9A19103F-16F7-4668-BE54-9A1E7A4F7556}") = "mi_primer_contenedor", "mi_primer_contenedor\mi_primer_contenedor.csproj", "{0F875774-51E5-4B6E-AEBE-E28542DC974F}"
EndProject
Project("{E53339B2-1760-4266-BCC7-CA923CBCF16C}") = "docker-compose", "docker-compose.dcproj", "{FE24B8F1-ADCC-4810-8230-CCD9CB9733A7}"
EndProject
Global
	GlobalSection(SolutionConfigurationPlatforms) = preSolution
		Debug|Any CPU = Debug|Any CPU
		Release|Any CPU = Release|Any CPU
	EndGlobalSection
	GlobalSection(ProjectConfigurationPlatforms) = postSolution
		{0F875774-51E5-4B6E-AEBE-E28542DC974F}.Debug|Any CPU.ActiveCfg = Debug|Any CPU
		{0F875774-51E5-4B6E-AEBE-E28542DC974F}.Debug|Any CPU.Build.0 = Debug|Any CPU
		{0F875774-51E5-4B6E-AEBE-E28542DC974F}.Release|Any CPU.ActiveCfg = Release|Any CPU
		{0F875774-51E5-4B6E-AEBE-E28542DC974F}.Release|Any CPU.Build.0 = Release|Any CPU
		{FE24B8F1-ADCC-4810-8230-CCD9CB9733A7}.Debug|Any CPU.ActiveCfg = Debug|Any CPU
		{FE24B8F1-ADCC-4810-8230-CCD9CB9733A7}.Debug|Any CPU.Build.0 = Debug|Any CPU
		{FE24B8F1-ADCC-4810-8230-CCD9CB9733A7}.Release|Any CPU.ActiveCfg = Release|Any CPU
		{FE24B8F1-ADCC-4810-8230-CCD9CB9733A7}.Release|Any CPU.Build.0 = Release|Any CPU
	EndGlobalSection
	GlobalSection(SolutionProperties) = preSolution
		HideSolutionNode = FALSE
	EndGlobalSection
	GlobalSection(ExtensibilityGlobals) = postSolution
		SolutionGuid = {417B7EB8-189E-400D-ACED-4BD5D9BDAEED}
	EndGlobalSection
EndGlobal
